{
  "name": "hardhat_espace",
  "version": "1.0.0",
  "lockfileVersion": 3,
  "requires": true,
  "packages": {
    "": {
      "name": "hardhat_espace",
      "version": "1.0.0",
      "license": "ISC",
      "devDependencies": {
        "@nomicfoundation/hardhat-ignition": "^0.15.9",
        "@nomicfoundation/hardhat-ignition-viem": "^0.15.9",
        "@nomicfoundation/hardhat-toolbox-viem": "^3.0.0",
        "hardhat": "^2.22.18",
        "solidity-docgen": "^0.6.0-beta.36",
        "viem": "^2.22.9"
      }
    },
    "../../node_modules/.pnpm/@nomicfoundation+hardhat-ignition-viem@0.15.9_@nomicfoundation+hardhat-ignition@0.15.9_@nomic_pwuh7estqa4tutxspyyuwmvue4/node_modules/@nomicfoundation/hardhat-ignition-viem": {
      "version": "0.15.9",
      "dev": true,
      "license": "MIT",
      "devDependencies": {
        "@nomicfoundation/hardhat-viem": "^2.0.0",
        "@types/chai": "^4.2.22",
        "@types/chai-as-promised": "^7.1.4",
        "@types/sinon": "^10.0.13",
        "hardhat": "^2.18.0"
      },
      "peerDependencies": {
        "@nomicfoundation/hardhat-ignition": "^0.15.9",
        "@nomicfoundation/hardhat-viem": "^2.0.0",
        "@nomicfoundation/ignition-core": "^0.15.9",
        "hardhat": "^2.18.0",
        "viem": "^2.7.6"
      }
    },
    "../../node_modules/.pnpm/@nomicfoundation+hardhat-ignition@0.15.9_@nomicfoundation+hardhat-verify@2.0.12_hardhat@2.22._7b4jp5fewuapurdwftaqksgcrm/node_modules/@nomicfoundation/hardhat-ignition": {
      "version": "0.15.9",
      "dev": true,
      "license": "MIT",
      "dependencies": {
        "@nomicfoundation/ignition-core": "^0.15.9",
        "@nomicfoundation/ignition-ui": "^0.15.9",
        "chalk": "^4.0.0",
        "debug": "^4.3.2",
        "fs-extra": "^10.0.0",
        "json5": "^2.2.3",
        "prompts": "^2.4.2"
      },
      "devDependencies": {
        "@nomicfoundation/hardhat-network-helpers": "1.0.9",
        "@types/chai": "^4.2.22",
        "@types/chai-as-promised": "^7.1.4",
        "@types/sinon": "^10.0.13",
        "hardhat": "^2.18.0",
        "viem": "^2.7.6"
      },
      "peerDependencies": {
        "@nomicfoundation/hardhat-verify": "^2.0.1",
        "hardhat": "^2.18.0"
      }
    },
    "../../node_modules/.pnpm/@nomicfoundation+hardhat-toolbox-viem@3.0.0_@nomicfoundation+hardhat-ignition-viem@0.15.9_@no_hldt5dg3jqr27ktox2zzxr6qry/node_modules/@nomicfoundation/hardhat-toolbox-viem": {
      "version": "3.0.0",
      "dev": true,
      "license": "MIT",
      "dependencies": {
        "chai-as-promised": "^7.1.1"
      },
      "devDependencies": {
        "@nomicfoundation/eslint-plugin-hardhat-internal-rules": "^1.0.2",
        "@nomicfoundation/eslint-plugin-slow-imports": "^1.0.0",
        "@nomicfoundation/hardhat-ignition-viem": "^0.15.0",
        "@nomicfoundation/hardhat-network-helpers": "^1.0.0",
        "@nomicfoundation/hardhat-verify": "^2.0.0",
        "@nomicfoundation/hardhat-viem": "^2.0.0",
        "@types/chai": "^4.2.0",
        "@types/chai-as-promised": "^7.1.6",
        "@types/mocha": ">=9.1.0",
        "@types/node": "^18.0.0",
        "@typescript-eslint/eslint-plugin": "5.61.0",
        "@typescript-eslint/parser": "5.61.0",
        "chai": "^4.2.0",
        "eslint": "^8.44.0",
        "eslint-config-prettier": "8.3.0",
        "eslint-plugin-import": "2.27.5",
        "eslint-plugin-no-only-tests": "3.0.0",
        "eslint-plugin-prettier": "3.4.0",
        "hardhat": "^2.11.0",
        "hardhat-gas-reporter": "^1.0.8",
        "mocha": "^10.0.0",
        "prettier": "2.4.1",
        "rimraf": "^3.0.2",
        "solidity-coverage": "^0.8.1",
        "ts-node": "^10.8.0",
        "typescript": "~5.0.4",
        "viem": "^2.7.6"
      },
      "peerDependencies": {
        "@nomicfoundation/hardhat-ignition-viem": "^0.15.0",
        "@nomicfoundation/hardhat-network-helpers": "^1.0.0",
        "@nomicfoundation/hardhat-verify": "^2.0.0",
        "@nomicfoundation/hardhat-viem": "^2.0.0",
        "@types/chai": "^4.2.0",
        "@types/chai-as-promised": "^7.1.6",
        "@types/mocha": ">=9.1.0",
        "@types/node": ">=18.0.0",
        "chai": "^4.2.0",
        "hardhat": "^2.11.0",
        "hardhat-gas-reporter": "^1.0.8",
        "solidity-coverage": "^0.8.1",
        "ts-node": ">=8.0.0",
        "typescript": "^5.0.4",
        "viem": "^2.7.6"
      }
    },
    "../../node_modules/.pnpm/hardhat@2.22.18_bufferutil@4.0.9_ts-node@10.9.2_@types+node@22.10.7_typescript@5.7.3__typescr_syiz2ap5tu2jt4cyrkjhzur2xq/node_modules/hardhat": {
      "version": "2.22.18",
      "dev": true,
      "license": "MIT",
      "dependencies": {
        "@ethersproject/abi": "^5.1.2",
        "@metamask/eth-sig-util": "^4.0.0",
        "@nomicfoundation/edr": "^0.7.0",
        "@nomicfoundation/ethereumjs-common": "4.0.4",
        "@nomicfoundation/ethereumjs-tx": "5.0.4",
        "@nomicfoundation/ethereumjs-util": "9.0.4",
        "@nomicfoundation/solidity-analyzer": "^0.1.0",
        "@sentry/node": "^5.18.1",
        "@types/bn.js": "^5.1.0",
        "@types/lru-cache": "^5.1.0",
        "adm-zip": "^0.4.16",
        "aggregate-error": "^3.0.0",
        "ansi-escapes": "^4.3.0",
        "boxen": "^5.1.2",
        "chokidar": "^4.0.0",
        "ci-info": "^2.0.0",
        "debug": "^4.1.1",
        "enquirer": "^2.3.0",
        "env-paths": "^2.2.0",
        "ethereum-cryptography": "^1.0.3",
        "ethereumjs-abi": "^0.6.8",
        "find-up": "^5.0.0",
        "fp-ts": "1.19.3",
        "fs-extra": "^7.0.1",
        "immutable": "^4.0.0-rc.12",
        "io-ts": "1.10.4",
        "json-stream-stringify": "^3.1.4",
        "keccak": "^3.0.2",
        "lodash": "^4.17.11",
        "mnemonist": "^0.38.0",
        "mocha": "^10.0.0",
        "p-map": "^4.0.0",
        "picocolors": "^1.1.0",
        "raw-body": "^2.4.1",
        "resolve": "1.17.0",
        "semver": "^6.3.0",
        "solc": "0.8.26",
        "source-map-support": "^0.5.13",
        "stacktrace-parser": "^0.1.10",
        "tinyglobby": "^0.2.6",
        "tsort": "0.0.1",
        "undici": "^5.14.0",
        "uuid": "^8.3.2",
        "ws": "^7.4.6"
      },
      "bin": {
        "hardhat": "internal/cli/bootstrap.js"
      },
      "devDependencies": {
        "@nomicfoundation/eslint-plugin-hardhat-internal-rules": "^1.0.2",
        "@nomicfoundation/eslint-plugin-slow-imports": "^1.0.0",
        "@nomicfoundation/ethereumjs-block": "5.0.4",
        "@types/async-eventemitter": "^0.2.1",
        "@types/bn.js": "^5.1.0",
        "@types/chai": "^4.2.0",
        "@types/chai-as-promised": "^7.1.3",
        "@types/ci-info": "^2.0.0",
        "@types/debug": "^4.1.4",
        "@types/fs-extra": "^5.1.0",
        "@types/keccak": "^3.0.1",
        "@types/lodash": "^4.14.123",
        "@types/mocha": ">=9.1.0",
        "@types/node": "^18.0.0",
        "@types/resolve": "^1.17.1",
        "@types/semver": "^6.0.2",
        "@types/sinon": "^9.0.8",
        "@types/uuid": "^8.3.1",
        "@types/ws": "^7.2.1",
        "@typescript-eslint/eslint-plugin": "5.61.0",
        "@typescript-eslint/parser": "5.61.0",
        "bignumber.js": "^9.0.2",
        "bn.js": "^5.1.0",
        "chai": "^4.2.0",
        "chai-as-promised": "^7.1.1",
        "eslint": "^8.44.0",
        "eslint-config-prettier": "8.3.0",
        "eslint-plugin-import": "2.27.5",
        "eslint-plugin-mocha": "10.4.1",
        "eslint-plugin-prettier": "3.4.0",
        "ethers": "^6.1.0",
        "ethers-v5": "npm:ethers@5",
        "mocha": "^10.0.0",
        "prettier": "2.4.1",
        "rimraf": "^3.0.2",
        "sinon": "^9.0.0",
        "time-require": "^0.1.2",
        "ts-node": "^10.8.0",
        "typescript": "~5.0.0"
      },
      "peerDependencies": {
        "ts-node": "*",
        "typescript": "*"
      },
      "peerDependenciesMeta": {
        "ts-node": {
          "optional": true
        },
        "typescript": {
          "optional": true
        }
      }
    },
    "../../node_modules/.pnpm/viem@2.22.9_bufferutil@4.0.9_typescript@5.7.3_utf-8-validate@5.0.10_zod@3.24.1/node_modules/viem": {
      "version": "2.22.9",
      "dev": true,
      "funding": [
        {
          "type": "github",
          "url": "https://github.com/sponsors/wevm"
        }
      ],
      "license": "MIT",
      "dependencies": {
        "@noble/curves": "1.7.0",
        "@noble/hashes": "1.6.1",
        "@scure/bip32": "1.6.0",
        "@scure/bip39": "1.5.0",
        "abitype": "1.0.7",
        "isows": "1.0.6",
        "ox": "0.6.5",
        "ws": "8.18.0"
      },
      "peerDependencies": {
        "typescript": ">=5.0.4"
      },
      "peerDependenciesMeta": {
        "typescript": {
          "optional": true
        }
      }
    },
    "node_modules/@nomicfoundation/hardhat-ignition": {
      "resolved": "../../node_modules/.pnpm/@nomicfoundation+hardhat-ignition@0.15.9_@nomicfoundation+hardhat-verify@2.0.12_hardhat@2.22._7b4jp5fewuapurdwftaqksgcrm/node_modules/@nomicfoundation/hardhat-ignition",
      "link": true
    },
    "node_modules/@nomicfoundation/hardhat-ignition-viem": {
      "resolved": "../../node_modules/.pnpm/@nomicfoundation+hardhat-ignition-viem@0.15.9_@nomicfoundation+hardhat-ignition@0.15.9_@nomic_pwuh7estqa4tutxspyyuwmvue4/node_modules/@nomicfoundation/hardhat-ignition-viem",
      "link": true
    },
    "node_modules/@nomicfoundation/hardhat-toolbox-viem": {
      "resolved": "../../node_modules/.pnpm/@nomicfoundation+hardhat-toolbox-viem@3.0.0_@nomicfoundation+hardhat-ignition-viem@0.15.9_@no_hldt5dg3jqr27ktox2zzxr6qry/node_modules/@nomicfoundation/hardhat-toolbox-viem",
      "link": true
    },
    "node_modules/handlebars": {
      "version": "4.7.8",
      "resolved": "https://registry.npmjs.org/handlebars/-/handlebars-4.7.8.tgz",
      "integrity": "sha512-vafaFqs8MZkRrSX7sFVUdo3ap/eNiLnb4IakshzvP56X5Nr1iGKAIqdX6tMlm6HcNRIkr6AxO5jFEoJzzpT8aQ==",
      "dev": true,
      "license": "MIT",
      "dependencies": {
        "minimist": "^1.2.5",
        "neo-async": "^2.6.2",
        "source-map": "^0.6.1",
        "wordwrap": "^1.0.0"
      },
      "bin": {
        "handlebars": "bin/handlebars"
      },
      "engines": {
        "node": ">=0.4.7"
      },
      "optionalDependencies": {
        "uglify-js": "^3.1.4"
      }
    },
    "node_modules/hardhat": {
      "resolved": "../../node_modules/.pnpm/hardhat@2.22.18_bufferutil@4.0.9_ts-node@10.9.2_@types+node@22.10.7_typescript@5.7.3__typescr_syiz2ap5tu2jt4cyrkjhzur2xq/node_modules/hardhat",
      "link": true
    },
    "node_modules/minimist": {
      "version": "1.2.8",
      "resolved": "https://registry.npmjs.org/minimist/-/minimist-1.2.8.tgz",
      "integrity": "sha512-2yyAR8qBkN3YuheJanUpWC5U3bb5osDywNB8RzDVlDwDHbocAJveqqj1u8+SVD7jkWT4yvsHCpWqqWqAxb0zCA==",
      "dev": true,
      "license": "MIT",
      "funding": {
        "url": "https://github.com/sponsors/ljharb"
      }
    },
    "node_modules/neo-async": {
      "version": "2.6.2",
      "resolved": "https://registry.npmjs.org/neo-async/-/neo-async-2.6.2.tgz",
      "integrity": "sha512-Yd3UES5mWCSqR+qNT93S3UoYUkqAZ9lLg8a7g9rimsWmYGK8cVToA4/sF3RrshdyV3sAGMXVUmpMYOw+dLpOuw==",
      "dev": true,
      "license": "MIT"
    },
    "node_modules/solidity-ast": {
      "version": "0.4.59",
      "resolved": "https://registry.npmjs.org/solidity-ast/-/solidity-ast-0.4.59.tgz",
      "integrity": "sha512-I+CX0wrYUN9jDfYtcgWSe+OAowaXy8/1YQy7NS4ni5IBDmIYBq7ZzaP/7QqouLjzZapmQtvGLqCaYgoUWqBo5g==",
      "dev": true,
      "license": "MIT"
    },
    "node_modules/solidity-docgen": {
      "version": "0.6.0-beta.36",
      "resolved": "https://registry.npmjs.org/solidity-docgen/-/solidity-docgen-0.6.0-beta.36.tgz",
      "integrity": "sha512-f/I5G2iJgU1h0XrrjRD0hHMr7C10u276vYvm//rw1TzFcYQ4xTOyAoi9oNAHRU0JU4mY9eTuxdVc2zahdMuhaQ==",
      "dev": true,
      "license": "MIT",
      "dependencies": {
        "handlebars": "^4.7.7",
        "solidity-ast": "^0.4.38"
      },
      "peerDependencies": {
        "hardhat": "^2.8.0"
      }
    },
    "node_modules/source-map": {
      "version": "0.6.1",
      "resolved": "https://registry.npmjs.org/source-map/-/source-map-0.6.1.tgz",
      "integrity": "sha512-UjgapumWlbMhkBgzT7Ykc5YXUT46F0iKu8SGXq0bcwP5dz/h0Plj6enJqjz1Zbq2l5WaqYnrVbwWOWMyF3F47g==",
      "dev": true,
      "license": "BSD-3-Clause",
      "engines": {
        "node": ">=0.10.0"
      }
    },
    "node_modules/uglify-js": {
      "version": "3.19.3",
      "resolved": "https://registry.npmjs.org/uglify-js/-/uglify-js-3.19.3.tgz",
      "integrity": "sha512-v3Xu+yuwBXisp6QYTcH4UbH+xYJXqnq2m/LtQVWKWzYc1iehYnLixoQDN9FH6/j9/oybfd6W9Ghwkl8+UMKTKQ==",
      "dev": true,
      "license": "BSD-2-Clause",
      "optional": true,
      "bin": {
        "uglifyjs": "bin/uglifyjs"
      },
      "engines": {
        "node": ">=0.8.0"
      }
    },
    "node_modules/viem": {
      "resolved": "../../node_modules/.pnpm/viem@2.22.9_bufferutil@4.0.9_typescript@5.7.3_utf-8-validate@5.0.10_zod@3.24.1/node_modules/viem",
      "link": true
    },
    "node_modules/wordwrap": {
      "version": "1.0.0",
      "resolved": "https://registry.npmjs.org/wordwrap/-/wordwrap-1.0.0.tgz",
      "integrity": "sha512-gvVzJFlPycKc5dZN4yPkP8w7Dc37BtP1yczEneOb4uq34pXZcvrtRTmWV8W+Ume+XCxKgbjM+nevkyFPMybd4Q==",
      "dev": true,
      "license": "MIT"
    }
  }
}
